
Microsoft Visual Studio Solution File, Format Version 12.00
# Visual Studio 15
VisualStudioVersion = 15.0.28307.1022
MinimumVisualStudioVersion = 10.0.40219.1
Project("{FAE04EC0-301F-11D3-BF4B-00C04F79EFBC}") = "Shashank.Console", "Shashank.Console\Shashank.Console.csproj", "{A035654F-2568-4B67-BA53-CFD824204248}"
EndProject
Global
	GlobalSection(SolutionConfigurationPlatforms) = preSolution
		Debug|Any CPU = Debug|Any CPU
		Release|Any CPU = Release|Any CPU
	EndGlobalSection
	GlobalSection(ProjectConfigurationPlatforms) = postSolution
		{A035654F-2568-4B67-BA53-CFD824204248}.Debug|Any CPU.ActiveCfg = Debug|Any CPU
		{A035654F-2568-4B67-BA53-CFD824204248}.Debug|Any CPU.Build.0 = Debug|Any CPU
		{A035654F-2568-4B67-BA53-CFD824204248}.Release|Any CPU.ActiveCfg = Release|Any CPU
		{A035654F-2568-4B67-BA53-CFD824204248}.Release|Any CPU.Build.0 = Release|Any CPU
	EndGlobalSection
	GlobalSection(SolutionProperties) = preSolution
		HideSolutionNode = FALSE
	EndGlobalSection
	GlobalSection(ExtensibilityGlobals) = postSolution
		SolutionGuid = {4070057E-A3B0-4115-9217-CA55EA31BDA9}
	EndGlobalSection
EndGlobal
